
Microsoft Visual Studio Solution File, Format Version 12.00
# Visual Studio Version 16
VisualStudioVersion = 16.0.30523.141
MinimumVisualStudioVersion = 10.0.40219.1
Project("{FAE04EC0-301F-11D3-BF4B-00C04F79EFBC}") = "CobaltStrike-Backdoor", "CobaltStrike-Backdoor\CobaltStrike-Backdoor.csproj", "{339A216A-D6BC-4CC0-A353-A7FCDB656DDA}"
EndProject
Global
	GlobalSection(SolutionConfigurationPlatforms) = preSolution
		Debug|Any CPU = Debug|Any CPU
		Debug|x86 = Debug|x86
		Release|Any CPU = Release|Any CPU
		Release|x86 = Release|x86
	EndGlobalSection
	GlobalSection(ProjectConfigurationPlatforms) = postSolution
		{339A216A-D6BC-4CC0-A353-A7FCDB656DDA}.Debug|Any CPU.ActiveCfg = Debug|Any CPU
		{339A216A-D6BC-4CC0-A353-A7FCDB656DDA}.Debug|Any CPU.Build.0 = Debug|Any CPU
		{339A216A-D6BC-4CC0-A353-A7FCDB656DDA}.Debug|x86.ActiveCfg = Debug|x86
		{339A216A-D6BC-4CC0-A353-A7FCDB656DDA}.Debug|x86.Build.0 = Debug|x86
		{339A216A-D6BC-4CC0-A353-A7FCDB656DDA}.Release|Any CPU.ActiveCfg = Release|Any CPU
		{339A216A-D6BC-4CC0-A353-A7FCDB656DDA}.Release|Any CPU.Build.0 = Release|Any CPU
		{339A216A-D6BC-4CC0-A353-A7FCDB656DDA}.Release|x86.ActiveCfg = Release|x86
		{339A216A-D6BC-4CC0-A353-A7FCDB656DDA}.Release|x86.Build.0 = Release|x86
	EndGlobalSection
	GlobalSection(SolutionProperties) = preSolution
		HideSolutionNode = FALSE
	EndGlobalSection
	GlobalSection(ExtensibilityGlobals) = postSolution
		SolutionGuid = {DFCF341C-5829-49E9-B580-53852D215127}
	EndGlobalSection
EndGlobal
